
Microsoft Visual Studio Solution File, Format Version 12.00
# Visual Studio 15
VisualStudioVersion = 15.0.27004.2005
MinimumVisualStudioVersion = 10.0.40219.1
Project("{FAE04EC0-301F-11D3-BF4B-00C04F79EFBC}") = "FrontendHost", "FrontendHost\FrontendHost.csproj", "{C6575918-4B9D-4C55-8964-1B90E686BA24}"
EndProject
Global
	GlobalSection(SolutionConfigurationPlatforms) = preSolution
		Debug|Any CPU = Debug|Any CPU
		Release|Any CPU = Release|Any CPU
	EndGlobalSection
	GlobalSection(ProjectConfigurationPlatforms) = postSolution
		{C6575918-4B9D-4C55-8964-1B90E686BA24}.Debug|Any CPU.ActiveCfg = Debug|Any CPU
		{C6575918-4B9D-4C55-8964-1B90E686BA24}.Debug|Any CPU.Build.0 = Debug|Any CPU
		{C6575918-4B9D-4C55-8964-1B90E686BA24}.Release|Any CPU.ActiveCfg = Release|Any CPU
		{C6575918-4B9D-4C55-8964-1B90E686BA24}.Release|Any CPU.Build.0 = Release|Any CPU
	EndGlobalSection
	GlobalSection(SolutionProperties) = preSolution
		HideSolutionNode = FALSE
	EndGlobalSection
	GlobalSection(ExtensibilityGlobals) = postSolution
		SolutionGuid = {A1A6BD2A-D3C5-431F-B1AE-98270A7586E0}
	EndGlobalSection
EndGlobal
